
Microsoft Visual Studio Solution File, Format Version 12.00
# Visual Studio Version 17
VisualStudioVersion = 17.14.36811.4 d17.14
MinimumVisualStudioVersion = 10.0.40219.1
Project("{FAE04EC0-301F-11D3-BF4B-00C04F79EFBC}") = "WebApplication1", "WebApplication1\WebApplication1.csproj", "{23FB7436-B8C0-400C-BBDB-F274A03EA118}"
EndProject
Global
	GlobalSection(SolutionConfigurationPlatforms) = preSolution
		Debug|Any CPU = Debug|Any CPU
		Release|Any CPU = Release|Any CPU
	EndGlobalSection
	GlobalSection(ProjectConfigurationPlatforms) = postSolution
		{23FB7436-B8C0-400C-BBDB-F274A03EA118}.Debug|Any CPU.ActiveCfg = Debug|Any CPU
		{23FB7436-B8C0-400C-BBDB-F274A03EA118}.Debug|Any CPU.Build.0 = Debug|Any CPU
		{23FB7436-B8C0-400C-BBDB-F274A03EA118}.Release|Any CPU.ActiveCfg = Release|Any CPU
		{23FB7436-B8C0-400C-BBDB-F274A03EA118}.Release|Any CPU.Build.0 = Release|Any CPU
	EndGlobalSection
	GlobalSection(SolutionProperties) = preSolution
		HideSolutionNode = FALSE
	EndGlobalSection
	GlobalSection(ExtensibilityGlobals) = postSolution
		SolutionGuid = {40C95008-B253-4B0E-88E8-8F6A958FC882}
	EndGlobalSection
EndGlobal
